
Microsoft Visual Studio Solution File, Format Version 12.00
# Visual Studio Version 17
VisualStudioVersion = 17.9.34701.34
MinimumVisualStudioVersion = 10.0.40219.1
Project("{FAE04EC0-301F-11D3-BF4B-00C04F79EFBC}") = "3 Задание по Queue", "3 Задание по Queue\3 Задание по Queue.csproj", "{9142701B-237C-41CC-97AB-3D4FEA89AF1E}"
EndProject
Global
	GlobalSection(SolutionConfigurationPlatforms) = preSolution
		Debug|Any CPU = Debug|Any CPU
		Release|Any CPU = Release|Any CPU
	EndGlobalSection
	GlobalSection(ProjectConfigurationPlatforms) = postSolution
		{9142701B-237C-41CC-97AB-3D4FEA89AF1E}.Debug|Any CPU.ActiveCfg = Debug|Any CPU
		{9142701B-237C-41CC-97AB-3D4FEA89AF1E}.Debug|Any CPU.Build.0 = Debug|Any CPU
		{9142701B-237C-41CC-97AB-3D4FEA89AF1E}.Release|Any CPU.ActiveCfg = Release|Any CPU
		{9142701B-237C-41CC-97AB-3D4FEA89AF1E}.Release|Any CPU.Build.0 = Release|Any CPU
	EndGlobalSection
	GlobalSection(SolutionProperties) = preSolution
		HideSolutionNode = FALSE
	EndGlobalSection
	GlobalSection(ExtensibilityGlobals) = postSolution
		SolutionGuid = {725D45F1-5E9A-4B15-B39F-85CF598168F9}
	EndGlobalSection
EndGlobal
