
Microsoft Visual Studio Solution File, Format Version 12.00
# Visual Studio Version 17
VisualStudioVersion = 17.0.31903.59
MinimumVisualStudioVersion = 10.0.40219.1
Project("{FAE04EC0-301F-11D3-BF4B-00C04F79EFBC}") = "Task0", "Task0\Task0.csproj", "{A6B5AD3B-16DC-4BCA-B5DC-242A12734AAA}"
EndProject
Project("{FAE04EC0-301F-11D3-BF4B-00C04F79EFBC}") = "Task1", "Task1\Task1.csproj", "{F3C60F2E-BCD7-45AF-9123-8175325193DB}"
EndProject
Project("{FAE04EC0-301F-11D3-BF4B-00C04F79EFBC}") = "Task2", "Task2\Task2.csproj", "{194BAAE4-0688-4DC3-A329-2117276B11F3}"
EndProject
Project("{FAE04EC0-301F-11D3-BF4B-00C04F79EFBC}") = "Task3", "Task3\Task3.csproj", "{00BD9F98-A463-4927-B236-2E06AB8D44B6}"
EndProject
Project("{FAE04EC0-301F-11D3-BF4B-00C04F79EFBC}") = "Task4", "Task4\Task4.csproj", "{88432496-2E44-45F2-80A9-20659347E1BE}"
EndProject
Project("{FAE04EC0-301F-11D3-BF4B-00C04F79EFBC}") = "Task5", "Task5\Task5.csproj", "{B2CD94A9-7D11-4009-AD43-5272B587D6EF}"
EndProject
Project("{FAE04EC0-301F-11D3-BF4B-00C04F79EFBC}") = "Task6", "Task6\Task6.csproj", "{24F6AD85-E746-406F-A414-94B9DCCCA53B}"
EndProject
Project("{FAE04EC0-301F-11D3-BF4B-00C04F79EFBC}") = "Task7", "Task7\Task7.csproj", "{EF89A060-2CA3-44CB-839E-EA42749A52C7}"
EndProject
Project("{FAE04EC0-301F-11D3-BF4B-00C04F79EFBC}") = "Task8", "Task8\Task8.csproj", "{3FB73497-CE52-452A-9CA8-2DC3FFF886D3}"
EndProject
Project("{FAE04EC0-301F-11D3-BF4B-00C04F79EFBC}") = "Task9", "Task9\Task9.csproj", "{F3314963-F313-4471-8C63-8B10319D371B}"
EndProject
Project("{FAE04EC0-301F-11D3-BF4B-00C04F79EFBC}") = "Task10", "Task10\Task10.csproj", "{B5F5F46E-053A-4C98-A425-EF0DE2588B5B}"
EndProject
Project("{FAE04EC0-301F-11D3-BF4B-00C04F79EFBC}") = "Task11", "Task11\Task11.csproj", "{01F633C9-F915-4AE6-AE3D-1E11BA6C5069}"
EndProject
Project("{FAE04EC0-301F-11D3-BF4B-00C04F79EFBC}") = "Task12", "Task12\Task12.csproj", "{B26C6ABD-CB76-4E08-8231-1EA3EA4AF2DA}"
EndProject
Project("{FAE04EC0-301F-11D3-BF4B-00C04F79EFBC}") = "Task13", "Task13\Task13.csproj", "{9A91C0D5-1707-4EC9-8DFC-F0239F07E084}"
EndProject
Project("{FAE04EC0-301F-11D3-BF4B-00C04F79EFBC}") = "Task14", "Task14\Task14.csproj", "{354D9C71-75F7-40AB-A5A5-723854C61DDF}"
EndProject
Project("{FAE04EC0-301F-11D3-BF4B-00C04F79EFBC}") = "Task15", "Task15\Task15.csproj", "{E92AA74A-5C7B-4BF2-A3B8-7D592E35BAE0}"
EndProject
Project("{FAE04EC0-301F-11D3-BF4B-00C04F79EFBC}") = "Task16", "Task16\Task16.csproj", "{18D01A4D-9692-45D2-A390-2948B6379B02}"
EndProject
Project("{FAE04EC0-301F-11D3-BF4B-00C04F79EFBC}") = "Task17", "Task17\Task17.csproj", "{D0736415-5F58-442D-9F80-F36A6DEAA5B1}"
EndProject
Project("{FAE04EC0-301F-11D3-BF4B-00C04F79EFBC}") = "Task18", "Task18\Task18.csproj", "{8D690FC0-5CEC-4A85-B57F-3206A982EB62}"
EndProject
Project("{FAE04EC0-301F-11D3-BF4B-00C04F79EFBC}") = "Task19", "Task19\Task19.csproj", "{4FD9A864-5E78-4649-B925-0724C1FE36D8}"
EndProject
Global
	GlobalSection(SolutionConfigurationPlatforms) = preSolution
		Debug|Any CPU = Debug|Any CPU
		Release|Any CPU = Release|Any CPU
	EndGlobalSection
	GlobalSection(SolutionProperties) = preSolution
		HideSolutionNode = FALSE
	EndGlobalSection
	GlobalSection(ProjectConfigurationPlatforms) = postSolution
		{A6B5AD3B-16DC-4BCA-B5DC-242A12734AAA}.Debug|Any CPU.ActiveCfg = Debug|Any CPU
		{A6B5AD3B-16DC-4BCA-B5DC-242A12734AAA}.Debug|Any CPU.Build.0 = Debug|Any CPU
		{A6B5AD3B-16DC-4BCA-B5DC-242A12734AAA}.Release|Any CPU.ActiveCfg = Release|Any CPU
		{A6B5AD3B-16DC-4BCA-B5DC-242A12734AAA}.Release|Any CPU.Build.0 = Release|Any CPU
		{F3C60F2E-BCD7-45AF-9123-8175325193DB}.Debug|Any CPU.ActiveCfg = Debug|Any CPU
		{F3C60F2E-BCD7-45AF-9123-8175325193DB}.Debug|Any CPU.Build.0 = Debug|Any CPU
		{F3C60F2E-BCD7-45AF-9123-8175325193DB}.Release|Any CPU.ActiveCfg = Release|Any CPU
		{F3C60F2E-BCD7-45AF-9123-8175325193DB}.Release|Any CPU.Build.0 = Release|Any CPU
		{194BAAE4-0688-4DC3-A329-2117276B11F3}.Debug|Any CPU.ActiveCfg = Debug|Any CPU
		{194BAAE4-0688-4DC3-A329-2117276B11F3}.Debug|Any CPU.Build.0 = Debug|Any CPU
		{194BAAE4-0688-4DC3-A329-2117276B11F3}.Release|Any CPU.ActiveCfg = Release|Any CPU
		{194BAAE4-0688-4DC3-A329-2117276B11F3}.Release|Any CPU.Build.0 = Release|Any CPU
		{00BD9F98-A463-4927-B236-2E06AB8D44B6}.Debug|Any CPU.ActiveCfg = Debug|Any CPU
		{00BD9F98-A463-4927-B236-2E06AB8D44B6}.Debug|Any CPU.Build.0 = Debug|Any CPU
		{00BD9F98-A463-4927-B236-2E06AB8D44B6}.Release|Any CPU.ActiveCfg = Release|Any CPU
		{00BD9F98-A463-4927-B236-2E06AB8D44B6}.Release|Any CPU.Build.0 = Release|Any CPU
		{88432496-2E44-45F2-80A9-20659347E1BE}.Debug|Any CPU.ActiveCfg = Debug|Any CPU
		{88432496-2E44-45F2-80A9-20659347E1BE}.Debug|Any CPU.Build.0 = Debug|Any CPU
		{88432496-2E44-45F2-80A9-20659347E1BE}.Release|Any CPU.ActiveCfg = Release|Any CPU
		{88432496-2E44-45F2-80A9-20659347E1BE}.Release|Any CPU.Build.0 = Release|Any CPU
		{B2CD94A9-7D11-4009-AD43-5272B587D6EF}.Debug|Any CPU.ActiveCfg = Debug|Any CPU
		{B2CD94A9-7D11-4009-AD43-5272B587D6EF}.Debug|Any CPU.Build.0 = Debug|Any CPU
		{B2CD94A9-7D11-4009-AD43-5272B587D6EF}.Release|Any CPU.ActiveCfg = Release|Any CPU
		{B2CD94A9-7D11-4009-AD43-5272B587D6EF}.Release|Any CPU.Build.0 = Release|Any CPU
		{24F6AD85-E746-406F-A414-94B9DCCCA53B}.Debug|Any CPU.ActiveCfg = Debug|Any CPU
		{24F6AD85-E746-406F-A414-94B9DCCCA53B}.Debug|Any CPU.Build.0 = Debug|Any CPU
		{24F6AD85-E746-406F-A414-94B9DCCCA53B}.Release|Any CPU.ActiveCfg = Release|Any CPU
		{24F6AD85-E746-406F-A414-94B9DCCCA53B}.Release|Any CPU.Build.0 = Release|Any CPU
		{EF89A060-2CA3-44CB-839E-EA42749A52C7}.Debug|Any CPU.ActiveCfg = Debug|Any CPU
		{EF89A060-2CA3-44CB-839E-EA42749A52C7}.Debug|Any CPU.Build.0 = Debug|Any CPU
		{EF89A060-2CA3-44CB-839E-EA42749A52C7}.Release|Any CPU.ActiveCfg = Release|Any CPU
		{EF89A060-2CA3-44CB-839E-EA42749A52C7}.Release|Any CPU.Build.0 = Release|Any CPU
		{3FB73497-CE52-452A-9CA8-2DC3FFF886D3}.Debug|Any CPU.ActiveCfg = Debug|Any CPU
		{3FB73497-CE52-452A-9CA8-2DC3FFF886D3}.Debug|Any CPU.Build.0 = Debug|Any CPU
		{3FB73497-CE52-452A-9CA8-2DC3FFF886D3}.Release|Any CPU.ActiveCfg = Release|Any CPU
		{3FB73497-CE52-452A-9CA8-2DC3FFF886D3}.Release|Any CPU.Build.0 = Release|Any CPU
		{F3314963-F313-4471-8C63-8B10319D371B}.Debug|Any CPU.ActiveCfg = Debug|Any CPU
		{F3314963-F313-4471-8C63-8B10319D371B}.Debug|Any CPU.Build.0 = Debug|Any CPU
		{F3314963-F313-4471-8C63-8B10319D371B}.Release|Any CPU.ActiveCfg = Release|Any CPU
		{F3314963-F313-4471-8C63-8B10319D371B}.Release|Any CPU.Build.0 = Release|Any CPU
		{B5F5F46E-053A-4C98-A425-EF0DE2588B5B}.Debug|Any CPU.ActiveCfg = Debug|Any CPU
		{B5F5F46E-053A-4C98-A425-EF0DE2588B5B}.Debug|Any CPU.Build.0 = Debug|Any CPU
		{B5F5F46E-053A-4C98-A425-EF0DE2588B5B}.Release|Any CPU.ActiveCfg = Release|Any CPU
		{B5F5F46E-053A-4C98-A425-EF0DE2588B5B}.Release|Any CPU.Build.0 = Release|Any CPU
		{01F633C9-F915-4AE6-AE3D-1E11BA6C5069}.Debug|Any CPU.ActiveCfg = Debug|Any CPU
		{01F633C9-F915-4AE6-AE3D-1E11BA6C5069}.Debug|Any CPU.Build.0 = Debug|Any CPU
		{01F633C9-F915-4AE6-AE3D-1E11BA6C5069}.Release|Any CPU.ActiveCfg = Release|Any CPU
		{01F633C9-F915-4AE6-AE3D-1E11BA6C5069}.Release|Any CPU.Build.0 = Release|Any CPU
		{B26C6ABD-CB76-4E08-8231-1EA3EA4AF2DA}.Debug|Any CPU.ActiveCfg = Debug|Any CPU
		{B26C6ABD-CB76-4E08-8231-1EA3EA4AF2DA}.Debug|Any CPU.Build.0 = Debug|Any CPU
		{B26C6ABD-CB76-4E08-8231-1EA3EA4AF2DA}.Release|Any CPU.ActiveCfg = Release|Any CPU
		{B26C6ABD-CB76-4E08-8231-1EA3EA4AF2DA}.Release|Any CPU.Build.0 = Release|Any CPU
		{9A91C0D5-1707-4EC9-8DFC-F0239F07E084}.Debug|Any CPU.ActiveCfg = Debug|Any CPU
		{9A91C0D5-1707-4EC9-8DFC-F0239F07E084}.Debug|Any CPU.Build.0 = Debug|Any CPU
		{9A91C0D5-1707-4EC9-8DFC-F0239F07E084}.Release|Any CPU.ActiveCfg = Release|Any CPU
		{9A91C0D5-1707-4EC9-8DFC-F0239F07E084}.Release|Any CPU.Build.0 = Release|Any CPU
		{354D9C71-75F7-40AB-A5A5-723854C61DDF}.Debug|Any CPU.ActiveCfg = Debug|Any CPU
		{354D9C71-75F7-40AB-A5A5-723854C61DDF}.Debug|Any CPU.Build.0 = Debug|Any CPU
		{354D9C71-75F7-40AB-A5A5-723854C61DDF}.Release|Any CPU.ActiveCfg = Release|Any CPU
		{354D9C71-75F7-40AB-A5A5-723854C61DDF}.Release|Any CPU.Build.0 = Release|Any CPU
		{E92AA74A-5C7B-4BF2-A3B8-7D592E35BAE0}.Debug|Any CPU.ActiveCfg = Debug|Any CPU
		{E92AA74A-5C7B-4BF2-A3B8-7D592E35BAE0}.Debug|Any CPU.Build.0 = Debug|Any CPU
		{E92AA74A-5C7B-4BF2-A3B8-7D592E35BAE0}.Release|Any CPU.ActiveCfg = Release|Any CPU
		{E92AA74A-5C7B-4BF2-A3B8-7D592E35BAE0}.Release|Any CPU.Build.0 = Release|Any CPU
		{18D01A4D-9692-45D2-A390-2948B6379B02}.Debug|Any CPU.ActiveCfg = Debug|Any CPU
		{18D01A4D-9692-45D2-A390-2948B6379B02}.Debug|Any CPU.Build.0 = Debug|Any CPU
		{18D01A4D-9692-45D2-A390-2948B6379B02}.Release|Any CPU.ActiveCfg = Release|Any CPU
		{18D01A4D-9692-45D2-A390-2948B6379B02}.Release|Any CPU.Build.0 = Release|Any CPU
		{D0736415-5F58-442D-9F80-F36A6DEAA5B1}.Debug|Any CPU.ActiveCfg = Debug|Any CPU
		{D0736415-5F58-442D-9F80-F36A6DEAA5B1}.Debug|Any CPU.Build.0 = Debug|Any CPU
		{D0736415-5F58-442D-9F80-F36A6DEAA5B1}.Release|Any CPU.ActiveCfg = Release|Any CPU
		{D0736415-5F58-442D-9F80-F36A6DEAA5B1}.Release|Any CPU.Build.0 = Release|Any CPU
		{8D690FC0-5CEC-4A85-B57F-3206A982EB62}.Debug|Any CPU.ActiveCfg = Debug|Any CPU
		{8D690FC0-5CEC-4A85-B57F-3206A982EB62}.Debug|Any CPU.Build.0 = Debug|Any CPU
		{8D690FC0-5CEC-4A85-B57F-3206A982EB62}.Release|Any CPU.ActiveCfg = Release|Any CPU
		{8D690FC0-5CEC-4A85-B57F-3206A982EB62}.Release|Any CPU.Build.0 = Release|Any CPU
		{4FD9A864-5E78-4649-B925-0724C1FE36D8}.Debug|Any CPU.ActiveCfg = Debug|Any CPU
		{4FD9A864-5E78-4649-B925-0724C1FE36D8}.Debug|Any CPU.Build.0 = Debug|Any CPU
		{4FD9A864-5E78-4649-B925-0724C1FE36D8}.Release|Any CPU.ActiveCfg = Release|Any CPU
		{4FD9A864-5E78-4649-B925-0724C1FE36D8}.Release|Any CPU.Build.0 = Release|Any CPU
	EndGlobalSection
EndGlobal
