
Microsoft Visual Studio Solution File, Format Version 12.00
# Visual Studio Version 17
VisualStudioVersion = 17.9.34701.34
MinimumVisualStudioVersion = 10.0.40219.1
Project("{FAE04EC0-301F-11D3-BF4B-00C04F79EFBC}") = "Task19_24", "Task19_24\Task19_24.csproj", "{A761F589-DEC7-4FEC-AA76-35832EF3B1C8}"
EndProject
Global
	GlobalSection(SolutionConfigurationPlatforms) = preSolution
		Debug|Any CPU = Debug|Any CPU
		Release|Any CPU = Release|Any CPU
	EndGlobalSection
	GlobalSection(ProjectConfigurationPlatforms) = postSolution
		{A761F589-DEC7-4FEC-AA76-35832EF3B1C8}.Debug|Any CPU.ActiveCfg = Debug|Any CPU
		{A761F589-DEC7-4FEC-AA76-35832EF3B1C8}.Debug|Any CPU.Build.0 = Debug|Any CPU
		{A761F589-DEC7-4FEC-AA76-35832EF3B1C8}.Release|Any CPU.ActiveCfg = Release|Any CPU
		{A761F589-DEC7-4FEC-AA76-35832EF3B1C8}.Release|Any CPU.Build.0 = Release|Any CPU
	EndGlobalSection
	GlobalSection(SolutionProperties) = preSolution
		HideSolutionNode = FALSE
	EndGlobalSection
	GlobalSection(ExtensibilityGlobals) = postSolution
		SolutionGuid = {05811DB7-AB98-43EF-B957-FC9DA850C24A}
	EndGlobalSection
EndGlobal
